uuid: b544a9d8-6878-423f-818b-f143a605bf73
langcode: en
status: true
dependencies:
  config:
    - views.view.most_popular_topics
  module:
    - views
  theme:
    - dta_gov_au
id: views_block__most_popular_topics_most_popular_topics_block
theme: dta_gov_au
region: header
weight: 0
provider: null
plugin: 'views_block:most_popular_topics-most_popular_topics_block'
settings:
  id: 'views_block:most_popular_topics-most_popular_topics_block'
  label: ''
  provider: views
  label_display: visible
  views_label: ''
  items_per_page: none
visibility: {  }
