id: recrtuierbox_positions_block
label: 'Recruiterbox position'
ui_limit: landing_page_level_2|full
properties:
  block: 'views_block:recruiterbox_positions-block_1'
  use_block_title: false
  add_block_wrappers: false
  config:
    id: 'views_block:recruiterbox_positions-block_1'
    label: ''
    provider: views
    label_display: visible
    views_label: ''
    items_per_page: none
type: block
type_label: 'Block field'
entities:
  node: node
